
Microsoft Visual Studio Solution File, Format Version 12.00
# Visual Studio Version 16
VisualStudioVersion = 16.0.33529.622
MinimumVisualStudioVersion = 10.0.40219.1
Project("{FAE04EC0-301F-11D3-BF4B-00C04F79EFBC}") = "AssignmentSachin_Chourasiya", "Assignment 1\AssignmentSachin_Chourasiya.csproj", "{069CB8CE-BD78-438B-835E-F70265B58D16}"
EndProject
Global
	GlobalSection(SolutionConfigurationPlatforms) = preSolution
		Debug|Any CPU = Debug|Any CPU
		Release|Any CPU = Release|Any CPU
	EndGlobalSection
	GlobalSection(ProjectConfigurationPlatforms) = postSolution
		{069CB8CE-BD78-438B-835E-F70265B58D16}.Debug|Any CPU.ActiveCfg = Debug|Any CPU
		{069CB8CE-BD78-438B-835E-F70265B58D16}.Debug|Any CPU.Build.0 = Debug|Any CPU
		{069CB8CE-BD78-438B-835E-F70265B58D16}.Release|Any CPU.ActiveCfg = Release|Any CPU
		{069CB8CE-BD78-438B-835E-F70265B58D16}.Release|Any CPU.Build.0 = Release|Any CPU
	EndGlobalSection
	GlobalSection(SolutionProperties) = preSolution
		HideSolutionNode = FALSE
	EndGlobalSection
	GlobalSection(ExtensibilityGlobals) = postSolution
		SolutionGuid = {D641B3D6-5E47-4ADF-94FB-5B15508ACAC9}
	EndGlobalSection
EndGlobal
